# This file was autogenerated by Stack.
# You should not edit this file by hand.
# For more information, please see the documentation at:
#   https://docs.haskellstack.org/en/stable/lock_files

packages:
- completed:
    hackage: text-2.0.2@sha256:71b5fa8c64d3c1fd0a08f993463220867b08290a2256e94b0952bf0e8f5a45cc,9905
    pantry-tree:
      sha256: 25f3b6dd211e30f9e0ef5047bb9f30df7a9296cf1043873e31558196dfe78676
      size: 7514
  original:
    hackage: text-2.0.2@sha256:71b5fa8c64d3c1fd0a08f993463220867b08290a2256e94b0952bf0e8f5a45cc,9905
- completed:
    hackage: hasmtlib-2.8.1@sha256:db79194f88adc81a6171c00e785d3ff1e75cac56f1f0544a730c7a73c1cf8995,4662
    pantry-tree:
      sha256: 45699890e24908009bfc071a4c2a4981fbf8701c9d452c2da3aaac855771d419
      size: 2487
  original:
    hackage: hasmtlib-2.8.1@sha256:db79194f88adc81a6171c00e785d3ff1e75cac56f1f0544a730c7a73c1cf8995,4662
- completed:
    hackage: constrained-some-0.1.2@sha256:9e34a3a65960b5ebf49cc3e3264d4bf83e3a746e1b11fca6a1427b2f809bca57,1434
    pantry-tree:
      sha256: 2fbb90dbf5a6239e321254e07420f391353a91d3692b7013c0b2516c1944bf7f
      size: 334
  original:
    hackage: constrained-some-0.1.2@sha256:9e34a3a65960b5ebf49cc3e3264d4bf83e3a746e1b11fca6a1427b2f809bca57,1434
- completed:
    hackage: smtlib-backends-0.4@sha256:a7ae228f4464727a8c725341cf9b6690577f5289c80a33e8960264e296fb9a47,1258
    pantry-tree:
      sha256: 8383f5164bc4ca5ed86d5f6981c54e661c89e5648afc0cad544eeb15eb81927e
      size: 275
  original:
    hackage: smtlib-backends-0.4@sha256:a7ae228f4464727a8c725341cf9b6690577f5289c80a33e8960264e296fb9a47,1258
- completed:
    hackage: smtlib-backends-process-0.3@sha256:bb730a55c5974eeb24112b560d30c49d518d6de45148723435219baa269f8b5e,1676
    pantry-tree:
      sha256: 789e2f5fc72fedad8dd6880319803120ad0cd712c2a44faaff321cb4d50620c3
      size: 461
  original:
    hackage: smtlib-backends-process-0.3@sha256:bb730a55c5974eeb24112b560d30c49d518d6de45148723435219baa269f8b5e,1676
snapshots:
- completed:
    sha256: 08bd13ce621b41a8f5e51456b38d5b46d7783ce114a50ab604d6bbab0d002146
    size: 720271
    url: https://raw.githubusercontent.com/commercialhaskell/stackage-snapshots/master/lts/22/43.yaml
  original: lts-22.43
